{
  "pins" : [
    {
      "identity" : "netswift",
      "kind" : "remoteSourceControl",
      "location" : "https://github.com/MrSkwiggs/Netswift",
      "state" : {
        "branch" : "bleeding_edge",
        "revision" : "cde39aff9711fd8ff5782dffbeb17ef0afb372e7"
      }
    }
  ],
  "version" : 2
}
