{
  "pins" : [
    {
      "identity" : "kingfisher",
      "kind" : "remoteSourceControl",
      "location" : "https://github.com/onevcat/Kingfisher",
      "state" : {
        "revision" : "be1a1acb283a702b99b630f586877ba02234b4cb",
        "version" : "7.3.2"
      }
    },
    {
      "identity" : "netswift",
      "kind" : "remoteSourceControl",
      "location" : "https://github.com/MrSkwiggs/Netswift",
      "state" : {
        "branch" : "bleeding_edge",
        "revision" : "cde39aff9711fd8ff5782dffbeb17ef0afb372e7"
      }
    },
    {
      "identity" : "sfsafesymbols",
      "kind" : "remoteSourceControl",
      "location" : "https://github.com/SFSafeSymbols/SFSafeSymbols",
      "state" : {
        "revision" : "c8c33d947d8a1c883aa19fd24e14fd738b06e369",
        "version" : "3.3.2"
      }
    }
  ],
  "version" : 2
}
