// !$*UTF8*$!
{
	archiveVersion = 1;
	classes = {
	};
	objectVersion = 55;
	objects = {

/* Begin PBXBuildFile section */
		8D1BF33A28B80F1800639CFE /* TiqetsApp.swift in Sources */ = {isa = PBXBuildFile; fileRef = 8D1BF33928B80F1800639CFE /* TiqetsApp.swift */; };
		8D1BF33C28B80F1800639CFE /* ContentView.swift in Sources */ = {isa = PBXBuildFile; fileRef = 8D1BF33B28B80F1800639CFE /* ContentView.swift */; };
		8D1BF33E28B80F1A00639CFE /* Assets.xcassets in Resources */ = {isa = PBXBuildFile; fileRef = 8D1BF33D28B80F1A00639CFE /* Assets.xcassets */; };
		8D1BF34128B80F1A00639CFE /* Preview Assets.xcassets in Resources */ = {isa = PBXBuildFile; fileRef = 8D1BF34028B80F1A00639CFE /* Preview Assets.xcassets */; };
		8D1BF35728B80F9700639CFE /* Netswift in Frameworks */ = {isa = PBXBuildFile; productRef = 8D1BF35628B80F9700639CFE /* Netswift */; };
		8D1BF36828B819C600639CFE /* libNetworking.a in Frameworks */ = {isa = PBXBuildFile; fileRef = 8D1BF34E28B80F6800639CFE /* libNetworking.a */; };
/* End PBXBuildFile section */

/* Begin PBXContainerItemProxy section */
		8D1BF36928B819C600639CFE /* PBXContainerItemProxy */ = {
			isa = PBXContainerItemProxy;
			containerPortal = 8D1BF32E28B80F1800639CFE /* Project object */;
			proxyType = 1;
			remoteGlobalIDString = 8D1BF34D28B80F6800639CFE;
			remoteInfo = Networking;
		};
/* End PBXContainerItemProxy section */

/* Begin PBXCopyFilesBuildPhase section */
		8D1BF34C28B80F6800639CFE /* CopyFiles */ = {
			isa = PBXCopyFilesBuildPhase;
			buildActionMask = 2147483647;
			dstPath = "include/$(PRODUCT_NAME)";
			dstSubfolderSpec = 16;
			files = (
			);
			runOnlyForDeploymentPostprocessing = 0;
		};
/* End PBXCopyFilesBuildPhase section */

/* Begin PBXFileReference section */
		8D1BF33628B80F1800639CFE /* Tiqets.app */ = {isa = PBXFileReference; explicitFileType = wrapper.application; includeInIndex = 0; path = Tiqets.app; sourceTree = BUILT_PRODUCTS_DIR; };
		8D1BF33928B80F1800639CFE /* TiqetsApp.swift */ = {isa = PBXFileReference; lastKnownFileType = sourcecode.swift; path = TiqetsApp.swift; sourceTree = "<group>"; };
		8D1BF33B28B80F1800639CFE /* ContentView.swift */ = {isa = PBXFileReference; lastKnownFileType = sourcecode.swift; path = ContentView.swift; sourceTree = "<group>"; };
		8D1BF33D28B80F1A00639CFE /* Assets.xcassets */ = {isa = PBXFileReference; lastKnownFileType = folder.assetcatalog; path = Assets.xcassets; sourceTree = "<group>"; };
		8D1BF34028B80F1A00639CFE /* Preview Assets.xcassets */ = {isa = PBXFileReference; lastKnownFileType = folder.assetcatalog; path = "Preview Assets.xcassets"; sourceTree = "<group>"; };
		8D1BF34E28B80F6800639CFE /* libNetworking.a */ = {isa = PBXFileReference; explicitFileType = archive.ar; includeInIndex = 0; path = libNetworking.a; sourceTree = BUILT_PRODUCTS_DIR; };
/* End PBXFileReference section */

/* Begin PBXFrameworksBuildPhase section */
		8D1BF33328B80F1800639CFE /* Frameworks */ = {
			isa = PBXFrameworksBuildPhase;
			buildActionMask = 2147483647;
			files = (
				8D1BF36828B819C600639CFE /* libNetworking.a in Frameworks */,
			);
			runOnlyForDeploymentPostprocessing = 0;
		};
		8D1BF34B28B80F6800639CFE /* Frameworks */ = {
			isa = PBXFrameworksBuildPhase;
			buildActionMask = 2147483647;
			files = (
				8D1BF35728B80F9700639CFE /* Netswift in Frameworks */,
			);
			runOnlyForDeploymentPostprocessing = 0;
		};
/* End PBXFrameworksBuildPhase section */

/* Begin PBXGroup section */
		8D1BF32D28B80F1800639CFE = {
			isa = PBXGroup;
			children = (
				8D1BF33828B80F1800639CFE /* Tiqets */,
				8D1BF34F28B80F6800639CFE /* Networking */,
				8D1BF33728B80F1800639CFE /* Products */,
				8D1BF36728B819C600639CFE /* Frameworks */,
			);
			sourceTree = "<group>";
		};
		8D1BF33728B80F1800639CFE /* Products */ = {
			isa = PBXGroup;
			children = (
				8D1BF33628B80F1800639CFE /* Tiqets.app */,
				8D1BF34E28B80F6800639CFE /* libNetworking.a */,
			);
			name = Products;
			sourceTree = "<group>";
		};
		8D1BF33828B80F1800639CFE /* Tiqets */ = {
			isa = PBXGroup;
			children = (
				8D1BF33928B80F1800639CFE /* TiqetsApp.swift */,
				8D1BF33B28B80F1800639CFE /* ContentView.swift */,
				8D1BF33D28B80F1A00639CFE /* Assets.xcassets */,
				8D1BF33F28B80F1A00639CFE /* Preview Content */,
			);
			path = Tiqets;
			sourceTree = "<group>";
		};
		8D1BF33F28B80F1A00639CFE /* Preview Content */ = {
			isa = PBXGroup;
			children = (
				8D1BF34028B80F1A00639CFE /* Preview Assets.xcassets */,
			);
			path = "Preview Content";
			sourceTree = "<group>";
		};
		8D1BF34F28B80F6800639CFE /* Networking */ = {
			isa = PBXGroup;
			children = (
			);
			path = Networking;
			sourceTree = "<group>";
		};
		8D1BF36728B819C600639CFE /* Frameworks */ = {
			isa = PBXGroup;
			children = (
			);
			name = Frameworks;
			sourceTree = "<group>";
		};
/* End PBXGroup section */

/* Begin PBXNativeTarget section */
		8D1BF33528B80F1800639CFE /* Tiqets */ = {
			isa = PBXNativeTarget;
			buildConfigurationList = 8D1BF34428B80F1A00639CFE /* Build configuration list for PBXNativeTarget "Tiqets" */;
			buildPhases = (
				8D1BF33228B80F1800639CFE /* Sources */,
				8D1BF33328B80F1800639CFE /* Frameworks */,
				8D1BF33428B80F1800639CFE /* Resources */,
			);
			buildRules = (
			);
			dependencies = (
				8D1BF36A28B819C600639CFE /* PBXTargetDependency */,
			);
			name = Tiqets;
			packageProductDependencies = (
			);
			productName = Tiqets;
			productReference = 8D1BF33628B80F1800639CFE /* Tiqets.app */;
			productType = "com.apple.product-type.application";
		};
		8D1BF34D28B80F6800639CFE /* Networking */ = {
			isa = PBXNativeTarget;
			buildConfigurationList = 8D1BF35228B80F6800639CFE /* Build configuration list for PBXNativeTarget "Networking" */;
			buildPhases = (
				8D1BF34A28B80F6800639CFE /* Sources */,
				8D1BF34B28B80F6800639CFE /* Frameworks */,
				8D1BF34C28B80F6800639CFE /* CopyFiles */,
			);
			buildRules = (
			);
			dependencies = (
			);
			name = Networking;
			packageProductDependencies = (
				8D1BF35628B80F9700639CFE /* Netswift */,
			);
			productName = Networking;
			productReference = 8D1BF34E28B80F6800639CFE /* libNetworking.a */;
			productType = "com.apple.product-type.library.static";
		};
/* End PBXNativeTarget section */

/* Begin PBXProject section */
		8D1BF32E28B80F1800639CFE /* Project object */ = {
			isa = PBXProject;
			attributes = {
				BuildIndependentTargetsInParallel = 1;
				LastSwiftUpdateCheck = 1340;
				LastUpgradeCheck = 1340;
				TargetAttributes = {
					8D1BF33528B80F1800639CFE = {
						CreatedOnToolsVersion = 13.4.1;
					};
					8D1BF34D28B80F6800639CFE = {
						CreatedOnToolsVersion = 13.4.1;
					};
				};
			};
			buildConfigurationList = 8D1BF33128B80F1800639CFE /* Build configuration list for PBXProject "Tiqets" */;
			compatibilityVersion = "Xcode 13.0";
			developmentRegion = en;
			hasScannedForEncodings = 0;
			knownRegions = (
				en,
				Base,
			);
			mainGroup = 8D1BF32D28B80F1800639CFE;
			packageReferences = (
				8D1BF35528B80F9700639CFE /* XCRemoteSwiftPackageReference "Netswift" */,
			);
			productRefGroup = 8D1BF33728B80F1800639CFE /* Products */;
			projectDirPath = "";
			projectRoot = "";
			targets = (
				8D1BF33528B80F1800639CFE /* Tiqets */,
				8D1BF34D28B80F6800639CFE /* Networking */,
			);
		};
/* End PBXProject section */

/* Begin PBXResourcesBuildPhase section */
		8D1BF33428B80F1800639CFE /* Resources */ = {
			isa = PBXResourcesBuildPhase;
			buildActionMask = 2147483647;
			files = (
				8D1BF34128B80F1A00639CFE /* Preview Assets.xcassets in Resources */,
				8D1BF33E28B80F1A00639CFE /* Assets.xcassets in Resources */,
			);
			runOnlyForDeploymentPostprocessing = 0;
		};
/* End PBXResourcesBuildPhase section */

/* Begin PBXSourcesBuildPhase section */
		8D1BF33228B80F1800639CFE /* Sources */ = {
			isa = PBXSourcesBuildPhase;
			buildActionMask = 2147483647;
			files = (
				8D1BF33C28B80F1800639CFE /* ContentView.swift in Sources */,
				8D1BF33A28B80F1800639CFE /* TiqetsApp.swift in Sources */,
			);
			runOnlyForDeploymentPostprocessing = 0;
		};
		8D1BF34A28B80F6800639CFE /* Sources */ = {
			isa = PBXSourcesBuildPhase;
			buildActionMask = 2147483647;
			files = (
			);
			runOnlyForDeploymentPostprocessing = 0;
		};
/* End PBXSourcesBuildPhase section */

/* Begin PBXTargetDependency section */
		8D1BF36A28B819C600639CFE /* PBXTargetDependency */ = {
			isa = PBXTargetDependency;
			target = 8D1BF34D28B80F6800639CFE /* Networking */;
			targetProxy = 8D1BF36928B819C600639CFE /* PBXContainerItemProxy */;
		};
/* End PBXTargetDependency section */

/* Begin XCBuildConfiguration section */
		8D1BF34228B80F1A00639CFE /* Debug */ = {
			isa = XCBuildConfiguration;
			buildSettings = {
				ALWAYS_SEARCH_USER_PATHS = NO;
				CLANG_ANALYZER_NONNULL = YES;
				CLANG_ANALYZER_NUMBER_OBJECT_CONVERSION = YES_AGGRESSIVE;
				CLANG_CXX_LANGUAGE_STANDARD = "gnu++17";
				CLANG_ENABLE_MODULES = YES;
				CLANG_ENABLE_OBJC_ARC = YES;
				CLANG_ENABLE_OBJC_WEAK = YES;
				CLANG_WARN_BLOCK_CAPTURE_AUTORELEASING = YES;
				CLANG_WARN_BOOL_CONVERSION = YES;
				CLANG_WARN_COMMA = YES;
				CLANG_WARN_CONSTANT_CONVERSION = YES;
				CLANG_WARN_DEPRECATED_OBJC_IMPLEMENTATIONS = YES;
				CLANG_WARN_DIRECT_OBJC_ISA_USAGE = YES_ERROR;
				CLANG_WARN_DOCUMENTATION_COMMENTS = YES;
				CLANG_WARN_EMPTY_BODY = YES;
				CLANG_WARN_ENUM_CONVERSION = YES;
				CLANG_WARN_INFINITE_RECURSION = YES;
				CLANG_WARN_INT_CONVERSION = YES;
				CLANG_WARN_NON_LITERAL_NULL_CONVERSION = YES;
				CLANG_WARN_OBJC_IMPLICIT_RETAIN_SELF = YES;
				CLANG_WARN_OBJC_LITERAL_CONVERSION = YES;
				CLANG_WARN_OBJC_ROOT_CLASS = YES_ERROR;
				CLANG_WARN_QUOTED_INCLUDE_IN_FRAMEWORK_HEADER = YES;
				CLANG_WARN_RANGE_LOOP_ANALYSIS = YES;
				CLANG_WARN_STRICT_PROTOTYPES = YES;
				CLANG_WARN_SUSPICIOUS_MOVE = YES;
				CLANG_WARN_UNGUARDED_AVAILABILITY = YES_AGGRESSIVE;
				CLANG_WARN_UNREACHABLE_CODE = YES;
				CLANG_WARN__DUPLICATE_METHOD_MATCH = YES;
				COPY_PHASE_STRIP = NO;
				DEBUG_INFORMATION_FORMAT = dwarf;
				ENABLE_STRICT_OBJC_MSGSEND = YES;
				ENABLE_TESTABILITY = YES;
				GCC_C_LANGUAGE_STANDARD = gnu11;
				GCC_DYNAMIC_NO_PIC = NO;
				GCC_NO_COMMON_BLOCKS = YES;
				GCC_OPTIMIZATION_LEVEL = 0;
				GCC_PREPROCESSOR_DEFINITIONS = (
					"DEBUG=1",
					"$(inherited)",
				);
				GCC_WARN_64_TO_32_BIT_CONVERSION = YES;
				GCC_WARN_ABOUT_RETURN_TYPE = YES_ERROR;
				GCC_WARN_UNDECLARED_SELECTOR = YES;
				GCC_WARN_UNINITIALIZED_AUTOS = YES_AGGRESSIVE;
				GCC_WARN_UNUSED_FUNCTION = YES;
				GCC_WARN_UNUSED_VARIABLE = YES;
				IPHONEOS_DEPLOYMENT_TARGET = 15.5;
				MTL_ENABLE_DEBUG_INFO = INCLUDE_SOURCE;
				MTL_FAST_MATH = YES;
				ONLY_ACTIVE_ARCH = YES;
				SDKROOT = iphoneos;
				SWIFT_ACTIVE_COMPILATION_CONDITIONS = DEBUG;
				SWIFT_OPTIMIZATION_LEVEL = "-Onone";
			};
			name = Debug;
		};
		8D1BF34328B80F1A00639CFE /* Release */ = {
			isa = XCBuildConfiguration;
			buildSettings = {
				ALWAYS_SEARCH_USER_PATHS = NO;
				CLANG_ANALYZER_NONNULL = YES;
				CLANG_ANALYZER_NUMBER_OBJECT_CONVERSION = YES_AGGRESSIVE;
				CLANG_CXX_LANGUAGE_STANDARD = "gnu++17";
				CLANG_ENABLE_MODULES = YES;
				CLANG_ENABLE_OBJC_ARC = YES;
				CLANG_ENABLE_OBJC_WEAK = YES;
				CLANG_WARN_BLOCK_CAPTURE_AUTORELEASING = YES;
				CLANG_WARN_BOOL_CONVERSION = YES;
				CLANG_WARN_COMMA = YES;
				CLANG_WARN_CONSTANT_CONVERSION = YES;
				CLANG_WARN_DEPRECATED_OBJC_IMPLEMENTATIONS = YES;
				CLANG_WARN_DIRECT_OBJC_ISA_USAGE = YES_ERROR;
				CLANG_WARN_DOCUMENTATION_COMMENTS = YES;
				CLANG_WARN_EMPTY_BODY = YES;
				CLANG_WARN_ENUM_CONVERSION = YES;
				CLANG_WARN_INFINITE_RECURSION = YES;
				CLANG_WARN_INT_CONVERSION = YES;
				CLANG_WARN_NON_LITERAL_NULL_CONVERSION = YES;
				CLANG_WARN_OBJC_IMPLICIT_RETAIN_SELF = YES;
				CLANG_WARN_OBJC_LITERAL_CONVERSION = YES;
				CLANG_WARN_OBJC_ROOT_CLASS = YES_ERROR;
				CLANG_WARN_QUOTED_INCLUDE_IN_FRAMEWORK_HEADER = YES;
				CLANG_WARN_RANGE_LOOP_ANALYSIS = YES;
				CLANG_WARN_STRICT_PROTOTYPES = YES;
				CLANG_WARN_SUSPICIOUS_MOVE = YES;
				CLANG_WARN_UNGUARDED_AVAILABILITY = YES_AGGRESSIVE;
				CLANG_WARN_UNREACHABLE_CODE = YES;
				CLANG_WARN__DUPLICATE_METHOD_MATCH = YES;
				COPY_PHASE_STRIP = NO;
				DEBUG_INFORMATION_FORMAT = "dwarf-with-dsym";
				ENABLE_NS_ASSERTIONS = NO;
				ENABLE_STRICT_OBJC_MSGSEND = YES;
				GCC_C_LANGUAGE_STANDARD = gnu11;
				GCC_NO_COMMON_BLOCKS = YES;
				GCC_WARN_64_TO_32_BIT_CONVERSION = YES;
				GCC_WARN_ABOUT_RETURN_TYPE = YES_ERROR;
				GCC_WARN_UNDECLARED_SELECTOR = YES;
				GCC_WARN_UNINITIALIZED_AUTOS = YES_AGGRESSIVE;
				GCC_WARN_UNUSED_FUNCTION = YES;
				GCC_WARN_UNUSED_VARIABLE = YES;
				IPHONEOS_DEPLOYMENT_TARGET = 15.5;
				MTL_ENABLE_DEBUG_INFO = NO;
				MTL_FAST_MATH = YES;
				SDKROOT = iphoneos;
				SWIFT_COMPILATION_MODE = wholemodule;
				SWIFT_OPTIMIZATION_LEVEL = "-O";
				VALIDATE_PRODUCT = YES;
			};
			name = Release;
		};
		8D1BF34528B80F1A00639CFE /* Debug */ = {
			isa = XCBuildConfiguration;
			buildSettings = {
				ASSETCATALOG_COMPILER_APPICON_NAME = AppIcon;
				ASSETCATALOG_COMPILER_GLOBAL_ACCENT_COLOR_NAME = AccentColor;
				CODE_SIGN_STYLE = Automatic;
				CURRENT_PROJECT_VERSION = 1;
				DEVELOPMENT_ASSET_PATHS = "\"Tiqets/Preview Content\"";
				DEVELOPMENT_TEAM = 96Y2K9J65M;
				ENABLE_PREVIEWS = YES;
				GENERATE_INFOPLIST_FILE = YES;
				INFOPLIST_KEY_UIApplicationSceneManifest_Generation = YES;
				INFOPLIST_KEY_UIApplicationSupportsIndirectInputEvents = YES;
				INFOPLIST_KEY_UILaunchScreen_Generation = YES;
				INFOPLIST_KEY_UISupportedInterfaceOrientations_iPad = "UIInterfaceOrientationPortrait UIInterfaceOrientationPortraitUpsideDown UIInterfaceOrientationLandscapeLeft UIInterfaceOrientationLandscapeRight";
				INFOPLIST_KEY_UISupportedInterfaceOrientations_iPhone = "UIInterfaceOrientationPortrait UIInterfaceOrientationLandscapeLeft UIInterfaceOrientationLandscapeRight";
				LD_RUNPATH_SEARCH_PATHS = (
					"$(inherited)",
					"@executable_path/Frameworks",
				);
				MARKETING_VERSION = 1.0;
				PRODUCT_BUNDLE_IDENTIFIER = com.tiqets.dorian.grolaux.Tiqets;
				PRODUCT_NAME = "$(TARGET_NAME)";
				SWIFT_EMIT_LOC_STRINGS = YES;
				SWIFT_VERSION = 5.0;
				TARGETED_DEVICE_FAMILY = "1,2";
			};
			name = Debug;
		};
		8D1BF34628B80F1A00639CFE /* Release */ = {
			isa = XCBuildConfiguration;
			buildSettings = {
				ASSETCATALOG_COMPILER_APPICON_NAME = AppIcon;
				ASSETCATALOG_COMPILER_GLOBAL_ACCENT_COLOR_NAME = AccentColor;
				CODE_SIGN_STYLE = Automatic;
				CURRENT_PROJECT_VERSION = 1;
				DEVELOPMENT_ASSET_PATHS = "\"Tiqets/Preview Content\"";
				DEVELOPMENT_TEAM = 96Y2K9J65M;
				ENABLE_PREVIEWS = YES;
				GENERATE_INFOPLIST_FILE = YES;
				INFOPLIST_KEY_UIApplicationSceneManifest_Generation = YES;
				INFOPLIST_KEY_UIApplicationSupportsIndirectInputEvents = YES;
				INFOPLIST_KEY_UILaunchScreen_Generation = YES;
				INFOPLIST_KEY_UISupportedInterfaceOrientations_iPad = "UIInterfaceOrientationPortrait UIInterfaceOrientationPortraitUpsideDown UIInterfaceOrientationLandscapeLeft UIInterfaceOrientationLandscapeRight";
				INFOPLIST_KEY_UISupportedInterfaceOrientations_iPhone = "UIInterfaceOrientationPortrait UIInterfaceOrientationLandscapeLeft UIInterfaceOrientationLandscapeRight";
				LD_RUNPATH_SEARCH_PATHS = (
					"$(inherited)",
					"@executable_path/Frameworks",
				);
				MARKETING_VERSION = 1.0;
				PRODUCT_BUNDLE_IDENTIFIER = com.tiqets.dorian.grolaux.Tiqets;
				PRODUCT_NAME = "$(TARGET_NAME)";
				SWIFT_EMIT_LOC_STRINGS = YES;
				SWIFT_VERSION = 5.0;
				TARGETED_DEVICE_FAMILY = "1,2";
			};
			name = Release;
		};
		8D1BF35328B80F6800639CFE /* Debug */ = {
			isa = XCBuildConfiguration;
			buildSettings = {
				CODE_SIGN_STYLE = Automatic;
				DEVELOPMENT_TEAM = 96Y2K9J65M;
				OTHER_LDFLAGS = "-ObjC";
				PRODUCT_NAME = "$(TARGET_NAME)";
				SKIP_INSTALL = YES;
				SWIFT_VERSION = 5.0;
				TARGETED_DEVICE_FAMILY = "1,2";
			};
			name = Debug;
		};
		8D1BF35428B80F6800639CFE /* Release */ = {
			isa = XCBuildConfiguration;
			buildSettings = {
				CODE_SIGN_STYLE = Automatic;
				DEVELOPMENT_TEAM = 96Y2K9J65M;
				OTHER_LDFLAGS = "-ObjC";
				PRODUCT_NAME = "$(TARGET_NAME)";
				SKIP_INSTALL = YES;
				SWIFT_VERSION = 5.0;
				TARGETED_DEVICE_FAMILY = "1,2";
			};
			name = Release;
		};
/* End XCBuildConfiguration section */

/* Begin XCConfigurationList section */
		8D1BF33128B80F1800639CFE /* Build configuration list for PBXProject "Tiqets" */ = {
			isa = XCConfigurationList;
			buildConfigurations = (
				8D1BF34228B80F1A00639CFE /* Debug */,
				8D1BF34328B80F1A00639CFE /* Release */,
			);
			defaultConfigurationIsVisible = 0;
			defaultConfigurationName = Release;
		};
		8D1BF34428B80F1A00639CFE /* Build configuration list for PBXNativeTarget "Tiqets" */ = {
			isa = XCConfigurationList;
			buildConfigurations = (
				8D1BF34528B80F1A00639CFE /* Debug */,
				8D1BF34628B80F1A00639CFE /* Release */,
			);
			defaultConfigurationIsVisible = 0;
			defaultConfigurationName = Release;
		};
		8D1BF35228B80F6800639CFE /* Build configuration list for PBXNativeTarget "Networking" */ = {
			isa = XCConfigurationList;
			buildConfigurations = (
				8D1BF35328B80F6800639CFE /* Debug */,
				8D1BF35428B80F6800639CFE /* Release */,
			);
			defaultConfigurationIsVisible = 0;
			defaultConfigurationName = Release;
		};
/* End XCConfigurationList section */

/* Begin XCRemoteSwiftPackageReference section */
		8D1BF35528B80F9700639CFE /* XCRemoteSwiftPackageReference "Netswift" */ = {
			isa = XCRemoteSwiftPackageReference;
			repositoryURL = "https://github.com/MrSkwiggs/Netswift";
			requirement = {
				kind = exactVersion;
				version = 0.6.0;
			};
		};
/* End XCRemoteSwiftPackageReference section */

/* Begin XCSwiftPackageProductDependency section */
		8D1BF35628B80F9700639CFE /* Netswift */ = {
			isa = XCSwiftPackageProductDependency;
			package = 8D1BF35528B80F9700639CFE /* XCRemoteSwiftPackageReference "Netswift" */;
			productName = Netswift;
		};
/* End XCSwiftPackageProductDependency section */
	};
	rootObject = 8D1BF32E28B80F1800639CFE /* Project object */;
}
