// !$*UTF8*$!
{
	archiveVersion = 1;
	classes = {
	};
	objectVersion = 55;
	objects = {

/* Begin PBXBuildFile section */
		8D0DD59F28B911AC00F10ACD /* Kingfisher in Frameworks */ = {isa = PBXBuildFile; productRef = 8D0DD59E28B911AC00F10ACD /* Kingfisher */; };
		8D0DD5A028B9134E00F10ACD /* Networking.framework in Frameworks */ = {isa = PBXBuildFile; fileRef = 8D67ED7528B8E2FC0030271F /* Networking.framework */; };
		8D0DD5A128B9134E00F10ACD /* Networking.framework in Embed Frameworks */ = {isa = PBXBuildFile; fileRef = 8D67ED7528B8E2FC0030271F /* Networking.framework */; settings = {ATTRIBUTES = (CodeSignOnCopy, RemoveHeadersOnCopy, ); }; };
		8D0DD5A728B915D900F10ACD /* Placeholder.swift in Sources */ = {isa = PBXBuildFile; fileRef = 8D0DD5A628B915D900F10ACD /* Placeholder.swift */; };
		8D0DD5A928B927D600F10ACD /* OfferingProviderUseCase.swift in Sources */ = {isa = PBXBuildFile; fileRef = 8D0DD5A828B927D600F10ACD /* OfferingProviderUseCase.swift */; };
		8D0DD5AC28B92ABA00F10ACD /* NetswiftResponsePublisher.swift in Sources */ = {isa = PBXBuildFile; fileRef = 8D0DD5AB28B92ABA00F10ACD /* NetswiftResponsePublisher.swift */; };
		8D0DD5AF28B92CB400F10ACD /* State.swift in Sources */ = {isa = PBXBuildFile; fileRef = 8D0DD5AE28B92CB400F10ACD /* State.swift */; };
		8D0DD5B128B92DE500F10ACD /* NetswiftResponseSubject.swift in Sources */ = {isa = PBXBuildFile; fileRef = 8D0DD5B028B92DE500F10ACD /* NetswiftResponseSubject.swift */; };
		8D0DD5B528B9386700F10ACD /* Card.swift in Sources */ = {isa = PBXBuildFile; fileRef = 8D0DD5B428B9386700F10ACD /* Card.swift */; };
		8D0DD5B728B9456600F10ACD /* Mock.swift in Sources */ = {isa = PBXBuildFile; fileRef = 8D0DD5B628B9456600F10ACD /* Mock.swift */; };
		8D0DD5B928B947EC00F10ACD /* DetailView.swift in Sources */ = {isa = PBXBuildFile; fileRef = 8D0DD5B828B947EC00F10ACD /* DetailView.swift */; };
		8D0DD5BC28B94A5C00F10ACD /* DetailView+ViewModel.swift in Sources */ = {isa = PBXBuildFile; fileRef = 8D0DD5BB28B94A5C00F10ACD /* DetailView+ViewModel.swift */; };
		8D0DD5BE28B94F2900F10ACD /* Mock+Offering.swift in Sources */ = {isa = PBXBuildFile; fileRef = 8D0DD5BD28B94F2900F10ACD /* Mock+Offering.swift */; };
		8D1BF33E28B80F1A00639CFE /* Assets.xcassets in Resources */ = {isa = PBXBuildFile; fileRef = 8D1BF33D28B80F1A00639CFE /* Assets.xcassets */; };
		8D1BF34128B80F1A00639CFE /* Preview Assets.xcassets in Resources */ = {isa = PBXBuildFile; fileRef = 8D1BF34028B80F1A00639CFE /* Preview Assets.xcassets */; };
		8D67ED7B28B8E2FC0030271F /* Networking.framework in Frameworks */ = {isa = PBXBuildFile; fileRef = 8D67ED7528B8E2FC0030271F /* Networking.framework */; };
		8D67ED7C28B8E2FC0030271F /* Networking.framework in Embed Frameworks */ = {isa = PBXBuildFile; fileRef = 8D67ED7528B8E2FC0030271F /* Networking.framework */; settings = {ATTRIBUTES = (CodeSignOnCopy, RemoveHeadersOnCopy, ); }; };
		8D67ED8228B8E38C0030271F /* TiqetsAPI.swift in Sources */ = {isa = PBXBuildFile; fileRef = 8D1BF35028B80F6800639CFE /* TiqetsAPI.swift */; };
		8D67ED8328B8E38C0030271F /* TiqetsEndpoint.swift in Sources */ = {isa = PBXBuildFile; fileRef = 8D1BF35C28B812C300639CFE /* TiqetsEndpoint.swift */; };
		8D67ED8428B8E38C0030271F /* Offerings.swift in Sources */ = {isa = PBXBuildFile; fileRef = 8D1BF35A28B811A600639CFE /* Offerings.swift */; };
		8D67ED8528B8E38C0030271F /* Venue.swift in Sources */ = {isa = PBXBuildFile; fileRef = 8D1BF36328B8153F00639CFE /* Venue.swift */; };
		8D67ED8628B8E38C0030271F /* Exhibition.swift in Sources */ = {isa = PBXBuildFile; fileRef = 8D1BF36528B8157600639CFE /* Exhibition.swift */; };
		8D67ED8728B8E38C0030271F /* Offering.swift in Sources */ = {isa = PBXBuildFile; fileRef = 8D1BF36028B814C200639CFE /* Offering.swift */; };
		8D67ED8928B8E3AF0030271F /* Netswift in Frameworks */ = {isa = PBXBuildFile; productRef = 8D67ED8828B8E3AF0030271F /* Netswift */; };
		8D67ED8A28B8E8790030271F /* offerings.json in Resources */ = {isa = PBXBuildFile; fileRef = 8D1BF35F28B8143100639CFE /* offerings.json */; };
		8D67ED8C28B8E9B00030271F /* TiqetsAPIPerformer.swift in Sources */ = {isa = PBXBuildFile; fileRef = 8D67ED8B28B8E9B00030271F /* TiqetsAPIPerformer.swift */; };
		8D67EDA828B8FF680030271F /* Core.framework in Frameworks */ = {isa = PBXBuildFile; fileRef = 8D67EDA228B8FF680030271F /* Core.framework */; };
		8D67EDA928B8FF680030271F /* Core.framework in Embed Frameworks */ = {isa = PBXBuildFile; fileRef = 8D67EDA228B8FF680030271F /* Core.framework */; settings = {ATTRIBUTES = (CodeSignOnCopy, RemoveHeadersOnCopy, ); }; };
		8D67EDAD28B8FF720030271F /* Composition.swift in Sources */ = {isa = PBXBuildFile; fileRef = 8D67ED9828B8FA370030271F /* Composition.swift */; };
		8D67EDAE28B900190030271F /* NetworkPathMonitorUseCase.swift in Sources */ = {isa = PBXBuildFile; fileRef = 8D67ED9B28B8FCF50030271F /* NetworkPathMonitorUseCase.swift */; };
		8D67EDB028B9005D0030271F /* SceneDelegate.swift in Sources */ = {isa = PBXBuildFile; fileRef = 8D67EDAF28B9005D0030271F /* SceneDelegate.swift */; };
		8D67EDB328B900CB0030271F /* ViewModelProvider.swift in Sources */ = {isa = PBXBuildFile; fileRef = 8D67EDB228B900CB0030271F /* ViewModelProvider.swift */; };
		8D67EDB728B901AD0030271F /* SFSafeSymbols in Frameworks */ = {isa = PBXBuildFile; productRef = 8D67EDB628B901AD0030271F /* SFSafeSymbols */; };
		8D67EDBA28B901F60030271F /* OfferingsView.swift in Sources */ = {isa = PBXBuildFile; fileRef = 8D67EDB928B901F60030271F /* OfferingsView.swift */; };
		8D67EDBC28B902090030271F /* RootView.swift in Sources */ = {isa = PBXBuildFile; fileRef = 8D67EDBB28B902090030271F /* RootView.swift */; };
		8D67EDC028B905BE0030271F /* AppDelegate.swift in Sources */ = {isa = PBXBuildFile; fileRef = 8D67EDBF28B905BE0030271F /* AppDelegate.swift */; };
		8D67EDC428B90D5B0030271F /* OfferingsView+ViewModel.swift in Sources */ = {isa = PBXBuildFile; fileRef = 8D67EDC328B90D5B0030271F /* OfferingsView+ViewModel.swift */; };
/* End PBXBuildFile section */

/* Begin PBXContainerItemProxy section */
		8D0DD5A228B9134E00F10ACD /* PBXContainerItemProxy */ = {
			isa = PBXContainerItemProxy;
			containerPortal = 8D1BF32E28B80F1800639CFE /* Project object */;
			proxyType = 1;
			remoteGlobalIDString = 8D67ED7428B8E2FC0030271F;
			remoteInfo = Networking;
		};
		8D67ED7928B8E2FC0030271F /* PBXContainerItemProxy */ = {
			isa = PBXContainerItemProxy;
			containerPortal = 8D1BF32E28B80F1800639CFE /* Project object */;
			proxyType = 1;
			remoteGlobalIDString = 8D67ED7428B8E2FC0030271F;
			remoteInfo = Networking;
		};
		8D67EDA628B8FF680030271F /* PBXContainerItemProxy */ = {
			isa = PBXContainerItemProxy;
			containerPortal = 8D1BF32E28B80F1800639CFE /* Project object */;
			proxyType = 1;
			remoteGlobalIDString = 8D67EDA128B8FF680030271F;
			remoteInfo = Core;
		};
/* End PBXContainerItemProxy section */

/* Begin PBXCopyFilesBuildPhase section */
		8D0DD5A428B9134E00F10ACD /* Embed Frameworks */ = {
			isa = PBXCopyFilesBuildPhase;
			buildActionMask = 2147483647;
			dstPath = "";
			dstSubfolderSpec = 10;
			files = (
				8D0DD5A128B9134E00F10ACD /* Networking.framework in Embed Frameworks */,
			);
			name = "Embed Frameworks";
			runOnlyForDeploymentPostprocessing = 0;
		};
		8D67ED8028B8E2FC0030271F /* Embed Frameworks */ = {
			isa = PBXCopyFilesBuildPhase;
			buildActionMask = 2147483647;
			dstPath = "";
			dstSubfolderSpec = 10;
			files = (
				8D67ED7C28B8E2FC0030271F /* Networking.framework in Embed Frameworks */,
				8D67EDA928B8FF680030271F /* Core.framework in Embed Frameworks */,
			);
			name = "Embed Frameworks";
			runOnlyForDeploymentPostprocessing = 0;
		};
/* End PBXCopyFilesBuildPhase section */

/* Begin PBXFileReference section */
		8D0DD5A628B915D900F10ACD /* Placeholder.swift */ = {isa = PBXFileReference; lastKnownFileType = sourcecode.swift; path = Placeholder.swift; sourceTree = "<group>"; };
		8D0DD5A828B927D600F10ACD /* OfferingProviderUseCase.swift */ = {isa = PBXFileReference; lastKnownFileType = sourcecode.swift; path = OfferingProviderUseCase.swift; sourceTree = "<group>"; };
		8D0DD5AB28B92ABA00F10ACD /* NetswiftResponsePublisher.swift */ = {isa = PBXFileReference; lastKnownFileType = sourcecode.swift; path = NetswiftResponsePublisher.swift; sourceTree = "<group>"; };
		8D0DD5AE28B92CB400F10ACD /* State.swift */ = {isa = PBXFileReference; lastKnownFileType = sourcecode.swift; path = State.swift; sourceTree = "<group>"; };
		8D0DD5B028B92DE500F10ACD /* NetswiftResponseSubject.swift */ = {isa = PBXFileReference; lastKnownFileType = sourcecode.swift; path = NetswiftResponseSubject.swift; sourceTree = "<group>"; };
		8D0DD5B428B9386700F10ACD /* Card.swift */ = {isa = PBXFileReference; lastKnownFileType = sourcecode.swift; path = Card.swift; sourceTree = "<group>"; };
		8D0DD5B628B9456600F10ACD /* Mock.swift */ = {isa = PBXFileReference; lastKnownFileType = sourcecode.swift; path = Mock.swift; sourceTree = "<group>"; };
		8D0DD5B828B947EC00F10ACD /* DetailView.swift */ = {isa = PBXFileReference; lastKnownFileType = sourcecode.swift; path = DetailView.swift; sourceTree = "<group>"; };
		8D0DD5BB28B94A5C00F10ACD /* DetailView+ViewModel.swift */ = {isa = PBXFileReference; lastKnownFileType = sourcecode.swift; path = "DetailView+ViewModel.swift"; sourceTree = "<group>"; };
		8D0DD5BD28B94F2900F10ACD /* Mock+Offering.swift */ = {isa = PBXFileReference; lastKnownFileType = sourcecode.swift; path = "Mock+Offering.swift"; sourceTree = "<group>"; };
		8D1BF33628B80F1800639CFE /* Tiqets.app */ = {isa = PBXFileReference; explicitFileType = wrapper.application; includeInIndex = 0; path = Tiqets.app; sourceTree = BUILT_PRODUCTS_DIR; };
		8D1BF33D28B80F1A00639CFE /* Assets.xcassets */ = {isa = PBXFileReference; lastKnownFileType = folder.assetcatalog; path = Assets.xcassets; sourceTree = "<group>"; };
		8D1BF34028B80F1A00639CFE /* Preview Assets.xcassets */ = {isa = PBXFileReference; lastKnownFileType = folder.assetcatalog; path = "Preview Assets.xcassets"; sourceTree = "<group>"; };
		8D1BF35028B80F6800639CFE /* TiqetsAPI.swift */ = {isa = PBXFileReference; lastKnownFileType = sourcecode.swift; path = TiqetsAPI.swift; sourceTree = "<group>"; };
		8D1BF35A28B811A600639CFE /* Offerings.swift */ = {isa = PBXFileReference; lastKnownFileType = sourcecode.swift; path = Offerings.swift; sourceTree = "<group>"; };
		8D1BF35C28B812C300639CFE /* TiqetsEndpoint.swift */ = {isa = PBXFileReference; lastKnownFileType = sourcecode.swift; path = TiqetsEndpoint.swift; sourceTree = "<group>"; };
		8D1BF35F28B8143100639CFE /* offerings.json */ = {isa = PBXFileReference; fileEncoding = 4; lastKnownFileType = text.json; path = offerings.json; sourceTree = "<group>"; };
		8D1BF36028B814C200639CFE /* Offering.swift */ = {isa = PBXFileReference; lastKnownFileType = sourcecode.swift; path = Offering.swift; sourceTree = "<group>"; };
		8D1BF36328B8153F00639CFE /* Venue.swift */ = {isa = PBXFileReference; lastKnownFileType = sourcecode.swift; path = Venue.swift; sourceTree = "<group>"; };
		8D1BF36528B8157600639CFE /* Exhibition.swift */ = {isa = PBXFileReference; lastKnownFileType = sourcecode.swift; path = Exhibition.swift; sourceTree = "<group>"; };
		8D67ED7528B8E2FC0030271F /* Networking.framework */ = {isa = PBXFileReference; explicitFileType = wrapper.framework; includeInIndex = 0; path = Networking.framework; sourceTree = BUILT_PRODUCTS_DIR; };
		8D67ED8B28B8E9B00030271F /* TiqetsAPIPerformer.swift */ = {isa = PBXFileReference; lastKnownFileType = sourcecode.swift; path = TiqetsAPIPerformer.swift; sourceTree = "<group>"; };
		8D67ED9828B8FA370030271F /* Composition.swift */ = {isa = PBXFileReference; lastKnownFileType = sourcecode.swift; path = Composition.swift; sourceTree = "<group>"; };
		8D67ED9B28B8FCF50030271F /* NetworkPathMonitorUseCase.swift */ = {isa = PBXFileReference; lastKnownFileType = sourcecode.swift; path = NetworkPathMonitorUseCase.swift; sourceTree = "<group>"; };
		8D67EDA228B8FF680030271F /* Core.framework */ = {isa = PBXFileReference; explicitFileType = wrapper.framework; includeInIndex = 0; path = Core.framework; sourceTree = BUILT_PRODUCTS_DIR; };
		8D67EDAF28B9005D0030271F /* SceneDelegate.swift */ = {isa = PBXFileReference; lastKnownFileType = sourcecode.swift; path = SceneDelegate.swift; sourceTree = "<group>"; };
		8D67EDB228B900CB0030271F /* ViewModelProvider.swift */ = {isa = PBXFileReference; lastKnownFileType = sourcecode.swift; path = ViewModelProvider.swift; sourceTree = "<group>"; };
		8D67EDB928B901F60030271F /* OfferingsView.swift */ = {isa = PBXFileReference; lastKnownFileType = sourcecode.swift; path = OfferingsView.swift; sourceTree = "<group>"; };
		8D67EDBB28B902090030271F /* RootView.swift */ = {isa = PBXFileReference; lastKnownFileType = sourcecode.swift; path = RootView.swift; sourceTree = "<group>"; };
		8D67EDBF28B905BE0030271F /* AppDelegate.swift */ = {isa = PBXFileReference; lastKnownFileType = sourcecode.swift; path = AppDelegate.swift; sourceTree = "<group>"; };
		8D67EDC328B90D5B0030271F /* OfferingsView+ViewModel.swift */ = {isa = PBXFileReference; lastKnownFileType = sourcecode.swift; path = "OfferingsView+ViewModel.swift"; sourceTree = "<group>"; };
/* End PBXFileReference section */

/* Begin PBXFrameworksBuildPhase section */
		8D1BF33328B80F1800639CFE /* Frameworks */ = {
			isa = PBXFrameworksBuildPhase;
			buildActionMask = 2147483647;
			files = (
				8D0DD59F28B911AC00F10ACD /* Kingfisher in Frameworks */,
				8D67EDB728B901AD0030271F /* SFSafeSymbols in Frameworks */,
				8D67ED7B28B8E2FC0030271F /* Networking.framework in Frameworks */,
				8D67EDA828B8FF680030271F /* Core.framework in Frameworks */,
			);
			runOnlyForDeploymentPostprocessing = 0;
		};
		8D67ED7228B8E2FC0030271F /* Frameworks */ = {
			isa = PBXFrameworksBuildPhase;
			buildActionMask = 2147483647;
			files = (
				8D67ED8928B8E3AF0030271F /* Netswift in Frameworks */,
			);
			runOnlyForDeploymentPostprocessing = 0;
		};
		8D67ED9F28B8FF680030271F /* Frameworks */ = {
			isa = PBXFrameworksBuildPhase;
			buildActionMask = 2147483647;
			files = (
				8D0DD5A028B9134E00F10ACD /* Networking.framework in Frameworks */,
			);
			runOnlyForDeploymentPostprocessing = 0;
		};
/* End PBXFrameworksBuildPhase section */

/* Begin PBXGroup section */
		8D0DD5A528B9159500F10ACD /* Views */ = {
			isa = PBXGroup;
			children = (
				8D0DD5A628B915D900F10ACD /* Placeholder.swift */,
				8D0DD5B428B9386700F10ACD /* Card.swift */,
			);
			path = Views;
			sourceTree = "<group>";
		};
		8D0DD5AA28B92AA600F10ACD /* Extensions */ = {
			isa = PBXGroup;
			children = (
			);
			path = Extensions;
			sourceTree = "<group>";
		};
		8D0DD5AD28B92C4900F10ACD /* Models */ = {
			isa = PBXGroup;
			children = (
				8D0DD5AB28B92ABA00F10ACD /* NetswiftResponsePublisher.swift */,
				8D0DD5B028B92DE500F10ACD /* NetswiftResponseSubject.swift */,
				8D0DD5AE28B92CB400F10ACD /* State.swift */,
				8D0DD5B628B9456600F10ACD /* Mock.swift */,
				8D0DD5BD28B94F2900F10ACD /* Mock+Offering.swift */,
			);
			path = Models;
			sourceTree = "<group>";
		};
		8D0DD5BA28B947F000F10ACD /* Details */ = {
			isa = PBXGroup;
			children = (
				8D0DD5B828B947EC00F10ACD /* DetailView.swift */,
				8D0DD5BB28B94A5C00F10ACD /* DetailView+ViewModel.swift */,
			);
			path = Details;
			sourceTree = "<group>";
		};
		8D1BF32D28B80F1800639CFE = {
			isa = PBXGroup;
			children = (
				8D1BF33828B80F1800639CFE /* Tiqets */,
				8D67ED7628B8E2FC0030271F /* Networking */,
				8D67EDA328B8FF680030271F /* Core */,
				8D1BF33728B80F1800639CFE /* Products */,
				8D1BF36728B819C600639CFE /* Frameworks */,
			);
			sourceTree = "<group>";
		};
		8D1BF33728B80F1800639CFE /* Products */ = {
			isa = PBXGroup;
			children = (
				8D1BF33628B80F1800639CFE /* Tiqets.app */,
				8D67ED7528B8E2FC0030271F /* Networking.framework */,
				8D67EDA228B8FF680030271F /* Core.framework */,
			);
			name = Products;
			sourceTree = "<group>";
		};
		8D1BF33828B80F1800639CFE /* Tiqets */ = {
			isa = PBXGroup;
			children = (
				8D67EDBF28B905BE0030271F /* AppDelegate.swift */,
				8D1BF33D28B80F1A00639CFE /* Assets.xcassets */,
				8D67EDB428B900FB0030271F /* Composition */,
				8D1BF33F28B80F1A00639CFE /* Preview Content */,
				8D67EDAF28B9005D0030271F /* SceneDelegate.swift */,
				8D67EDB828B901D50030271F /* Scenes */,
				8D0DD5A528B9159500F10ACD /* Views */,
			);
			path = Tiqets;
			sourceTree = "<group>";
		};
		8D1BF33F28B80F1A00639CFE /* Preview Content */ = {
			isa = PBXGroup;
			children = (
				8D1BF34028B80F1A00639CFE /* Preview Assets.xcassets */,
			);
			path = "Preview Content";
			sourceTree = "<group>";
		};
		8D1BF35828B8114300639CFE /* Models */ = {
			isa = PBXGroup;
			children = (
				8D1BF36228B8153400639CFE /* Offering */,
			);
			path = Models;
			sourceTree = "<group>";
		};
		8D1BF35928B8118200639CFE /* Endpoints */ = {
			isa = PBXGroup;
			children = (
				8D1BF35A28B811A600639CFE /* Offerings.swift */,
			);
			path = Endpoints;
			sourceTree = "<group>";
		};
		8D1BF35E28B8141200639CFE /* Local */ = {
			isa = PBXGroup;
			children = (
				8D1BF35F28B8143100639CFE /* offerings.json */,
			);
			path = Local;
			sourceTree = "<group>";
		};
		8D1BF36228B8153400639CFE /* Offering */ = {
			isa = PBXGroup;
			children = (
				8D1BF36028B814C200639CFE /* Offering.swift */,
				8D1BF36328B8153F00639CFE /* Venue.swift */,
				8D1BF36528B8157600639CFE /* Exhibition.swift */,
			);
			path = Offering;
			sourceTree = "<group>";
		};
		8D1BF36728B819C600639CFE /* Frameworks */ = {
			isa = PBXGroup;
			children = (
			);
			name = Frameworks;
			sourceTree = "<group>";
		};
		8D67ED7628B8E2FC0030271F /* Networking */ = {
			isa = PBXGroup;
			children = (
				8D1BF35E28B8141200639CFE /* Local */,
				8D1BF35928B8118200639CFE /* Endpoints */,
				8D1BF35828B8114300639CFE /* Models */,
				8D1BF35028B80F6800639CFE /* TiqetsAPI.swift */,
				8D67ED8B28B8E9B00030271F /* TiqetsAPIPerformer.swift */,
				8D1BF35C28B812C300639CFE /* TiqetsEndpoint.swift */,
			);
			path = Networking;
			sourceTree = "<group>";
		};
		8D67ED9A28B8FAAD0030271F /* UseCases */ = {
			isa = PBXGroup;
			children = (
				8D67ED9B28B8FCF50030271F /* NetworkPathMonitorUseCase.swift */,
				8D0DD5A828B927D600F10ACD /* OfferingProviderUseCase.swift */,
			);
			path = UseCases;
			sourceTree = "<group>";
		};
		8D67EDA328B8FF680030271F /* Core */ = {
			isa = PBXGroup;
			children = (
				8D0DD5AD28B92C4900F10ACD /* Models */,
				8D0DD5AA28B92AA600F10ACD /* Extensions */,
				8D67ED9A28B8FAAD0030271F /* UseCases */,
				8D67ED9828B8FA370030271F /* Composition.swift */,
			);
			path = Core;
			sourceTree = "<group>";
		};
		8D67EDB428B900FB0030271F /* Composition */ = {
			isa = PBXGroup;
			children = (
				8D67EDB228B900CB0030271F /* ViewModelProvider.swift */,
			);
			path = Composition;
			sourceTree = "<group>";
		};
		8D67EDB828B901D50030271F /* Scenes */ = {
			isa = PBXGroup;
			children = (
				8D67EDC228B90D420030271F /* Favorites */,
				8D67EDBB28B902090030271F /* RootView.swift */,
				8D67EDC128B90D3C0030271F /* Offerings */,
				8D0DD5BA28B947F000F10ACD /* Details */,
			);
			path = Scenes;
			sourceTree = "<group>";
		};
		8D67EDC128B90D3C0030271F /* Offerings */ = {
			isa = PBXGroup;
			children = (
				8D67EDB928B901F60030271F /* OfferingsView.swift */,
				8D67EDC328B90D5B0030271F /* OfferingsView+ViewModel.swift */,
			);
			path = Offerings;
			sourceTree = "<group>";
		};
		8D67EDC228B90D420030271F /* Favorites */ = {
			isa = PBXGroup;
			children = (
			);
			path = Favorites;
			sourceTree = "<group>";
		};
/* End PBXGroup section */

/* Begin PBXHeadersBuildPhase section */
		8D67ED7028B8E2FC0030271F /* Headers */ = {
			isa = PBXHeadersBuildPhase;
			buildActionMask = 2147483647;
			files = (
			);
			runOnlyForDeploymentPostprocessing = 0;
		};
		8D67ED9D28B8FF680030271F /* Headers */ = {
			isa = PBXHeadersBuildPhase;
			buildActionMask = 2147483647;
			files = (
			);
			runOnlyForDeploymentPostprocessing = 0;
		};
/* End PBXHeadersBuildPhase section */

/* Begin PBXNativeTarget section */
		8D1BF33528B80F1800639CFE /* Tiqets */ = {
			isa = PBXNativeTarget;
			buildConfigurationList = 8D1BF34428B80F1A00639CFE /* Build configuration list for PBXNativeTarget "Tiqets" */;
			buildPhases = (
				8D1BF33228B80F1800639CFE /* Sources */,
				8D1BF33328B80F1800639CFE /* Frameworks */,
				8D1BF33428B80F1800639CFE /* Resources */,
				8D67ED8028B8E2FC0030271F /* Embed Frameworks */,
			);
			buildRules = (
			);
			dependencies = (
				8D67ED7A28B8E2FC0030271F /* PBXTargetDependency */,
				8D67EDA728B8FF680030271F /* PBXTargetDependency */,
			);
			name = Tiqets;
			packageProductDependencies = (
				8D67EDB628B901AD0030271F /* SFSafeSymbols */,
				8D0DD59E28B911AC00F10ACD /* Kingfisher */,
			);
			productName = Tiqets;
			productReference = 8D1BF33628B80F1800639CFE /* Tiqets.app */;
			productType = "com.apple.product-type.application";
		};
		8D67ED7428B8E2FC0030271F /* Networking */ = {
			isa = PBXNativeTarget;
			buildConfigurationList = 8D67ED7D28B8E2FC0030271F /* Build configuration list for PBXNativeTarget "Networking" */;
			buildPhases = (
				8D67ED7028B8E2FC0030271F /* Headers */,
				8D67ED7128B8E2FC0030271F /* Sources */,
				8D67ED7228B8E2FC0030271F /* Frameworks */,
				8D67ED7328B8E2FC0030271F /* Resources */,
			);
			buildRules = (
			);
			dependencies = (
			);
			name = Networking;
			packageProductDependencies = (
				8D67ED8828B8E3AF0030271F /* Netswift */,
			);
			productName = Networking;
			productReference = 8D67ED7528B8E2FC0030271F /* Networking.framework */;
			productType = "com.apple.product-type.framework";
		};
		8D67EDA128B8FF680030271F /* Core */ = {
			isa = PBXNativeTarget;
			buildConfigurationList = 8D67EDAA28B8FF680030271F /* Build configuration list for PBXNativeTarget "Core" */;
			buildPhases = (
				8D67ED9D28B8FF680030271F /* Headers */,
				8D67ED9E28B8FF680030271F /* Sources */,
				8D67ED9F28B8FF680030271F /* Frameworks */,
				8D67EDA028B8FF680030271F /* Resources */,
				8D0DD5A428B9134E00F10ACD /* Embed Frameworks */,
			);
			buildRules = (
			);
			dependencies = (
				8D0DD5A328B9134E00F10ACD /* PBXTargetDependency */,
			);
			name = Core;
			productName = Core;
			productReference = 8D67EDA228B8FF680030271F /* Core.framework */;
			productType = "com.apple.product-type.framework";
		};
/* End PBXNativeTarget section */

/* Begin PBXProject section */
		8D1BF32E28B80F1800639CFE /* Project object */ = {
			isa = PBXProject;
			attributes = {
				BuildIndependentTargetsInParallel = 1;
				LastSwiftUpdateCheck = 1340;
				LastUpgradeCheck = 1340;
				TargetAttributes = {
					8D1BF33528B80F1800639CFE = {
						CreatedOnToolsVersion = 13.4.1;
					};
					8D67ED7428B8E2FC0030271F = {
						CreatedOnToolsVersion = 13.4.1;
					};
					8D67EDA128B8FF680030271F = {
						CreatedOnToolsVersion = 13.4.1;
					};
				};
			};
			buildConfigurationList = 8D1BF33128B80F1800639CFE /* Build configuration list for PBXProject "Tiqets" */;
			compatibilityVersion = "Xcode 13.0";
			developmentRegion = en;
			hasScannedForEncodings = 0;
			knownRegions = (
				en,
				Base,
			);
			mainGroup = 8D1BF32D28B80F1800639CFE;
			packageReferences = (
				8D1BF35528B80F9700639CFE /* XCRemoteSwiftPackageReference "Netswift" */,
				8D67EDB528B901AD0030271F /* XCRemoteSwiftPackageReference "SFSafeSymbols" */,
				8D0DD59D28B911AC00F10ACD /* XCRemoteSwiftPackageReference "Kingfisher" */,
			);
			productRefGroup = 8D1BF33728B80F1800639CFE /* Products */;
			projectDirPath = "";
			projectRoot = "";
			targets = (
				8D1BF33528B80F1800639CFE /* Tiqets */,
				8D67ED7428B8E2FC0030271F /* Networking */,
				8D67EDA128B8FF680030271F /* Core */,
			);
		};
/* End PBXProject section */

/* Begin PBXResourcesBuildPhase section */
		8D1BF33428B80F1800639CFE /* Resources */ = {
			isa = PBXResourcesBuildPhase;
			buildActionMask = 2147483647;
			files = (
				8D67ED8A28B8E8790030271F /* offerings.json in Resources */,
				8D1BF34128B80F1A00639CFE /* Preview Assets.xcassets in Resources */,
				8D1BF33E28B80F1A00639CFE /* Assets.xcassets in Resources */,
			);
			runOnlyForDeploymentPostprocessing = 0;
		};
		8D67ED7328B8E2FC0030271F /* Resources */ = {
			isa = PBXResourcesBuildPhase;
			buildActionMask = 2147483647;
			files = (
			);
			runOnlyForDeploymentPostprocessing = 0;
		};
		8D67EDA028B8FF680030271F /* Resources */ = {
			isa = PBXResourcesBuildPhase;
			buildActionMask = 2147483647;
			files = (
			);
			runOnlyForDeploymentPostprocessing = 0;
		};
/* End PBXResourcesBuildPhase section */

/* Begin PBXSourcesBuildPhase section */
		8D1BF33228B80F1800639CFE /* Sources */ = {
			isa = PBXSourcesBuildPhase;
			buildActionMask = 2147483647;
			files = (
				8D0DD5BC28B94A5C00F10ACD /* DetailView+ViewModel.swift in Sources */,
				8D67EDB328B900CB0030271F /* ViewModelProvider.swift in Sources */,
				8D0DD5B928B947EC00F10ACD /* DetailView.swift in Sources */,
				8D67EDBC28B902090030271F /* RootView.swift in Sources */,
				8D67EDBA28B901F60030271F /* OfferingsView.swift in Sources */,
				8D67EDC428B90D5B0030271F /* OfferingsView+ViewModel.swift in Sources */,
				8D67EDC028B905BE0030271F /* AppDelegate.swift in Sources */,
				8D67EDB028B9005D0030271F /* SceneDelegate.swift in Sources */,
				8D0DD5A728B915D900F10ACD /* Placeholder.swift in Sources */,
				8D0DD5B528B9386700F10ACD /* Card.swift in Sources */,
			);
			runOnlyForDeploymentPostprocessing = 0;
		};
		8D67ED7128B8E2FC0030271F /* Sources */ = {
			isa = PBXSourcesBuildPhase;
			buildActionMask = 2147483647;
			files = (
				8D67ED8428B8E38C0030271F /* Offerings.swift in Sources */,
				8D67ED8728B8E38C0030271F /* Offering.swift in Sources */,
				8D67ED8C28B8E9B00030271F /* TiqetsAPIPerformer.swift in Sources */,
				8D67ED8528B8E38C0030271F /* Venue.swift in Sources */,
				8D67ED8628B8E38C0030271F /* Exhibition.swift in Sources */,
				8D67ED8328B8E38C0030271F /* TiqetsEndpoint.swift in Sources */,
				8D67ED8228B8E38C0030271F /* TiqetsAPI.swift in Sources */,
			);
			runOnlyForDeploymentPostprocessing = 0;
		};
		8D67ED9E28B8FF680030271F /* Sources */ = {
			isa = PBXSourcesBuildPhase;
			buildActionMask = 2147483647;
			files = (
				8D67EDAE28B900190030271F /* NetworkPathMonitorUseCase.swift in Sources */,
				8D67EDAD28B8FF720030271F /* Composition.swift in Sources */,
				8D0DD5A928B927D600F10ACD /* OfferingProviderUseCase.swift in Sources */,
				8D0DD5BE28B94F2900F10ACD /* Mock+Offering.swift in Sources */,
				8D0DD5B728B9456600F10ACD /* Mock.swift in Sources */,
				8D0DD5AF28B92CB400F10ACD /* State.swift in Sources */,
				8D0DD5AC28B92ABA00F10ACD /* NetswiftResponsePublisher.swift in Sources */,
				8D0DD5B128B92DE500F10ACD /* NetswiftResponseSubject.swift in Sources */,
			);
			runOnlyForDeploymentPostprocessing = 0;
		};
/* End PBXSourcesBuildPhase section */

/* Begin PBXTargetDependency section */
		8D0DD5A328B9134E00F10ACD /* PBXTargetDependency */ = {
			isa = PBXTargetDependency;
			target = 8D67ED7428B8E2FC0030271F /* Networking */;
			targetProxy = 8D0DD5A228B9134E00F10ACD /* PBXContainerItemProxy */;
		};
		8D67ED7A28B8E2FC0030271F /* PBXTargetDependency */ = {
			isa = PBXTargetDependency;
			target = 8D67ED7428B8E2FC0030271F /* Networking */;
			targetProxy = 8D67ED7928B8E2FC0030271F /* PBXContainerItemProxy */;
		};
		8D67EDA728B8FF680030271F /* PBXTargetDependency */ = {
			isa = PBXTargetDependency;
			target = 8D67EDA128B8FF680030271F /* Core */;
			targetProxy = 8D67EDA628B8FF680030271F /* PBXContainerItemProxy */;
		};
/* End PBXTargetDependency section */

/* Begin XCBuildConfiguration section */
		8D1BF34228B80F1A00639CFE /* Debug */ = {
			isa = XCBuildConfiguration;
			buildSettings = {
				ALWAYS_SEARCH_USER_PATHS = NO;
				CLANG_ANALYZER_NONNULL = YES;
				CLANG_ANALYZER_NUMBER_OBJECT_CONVERSION = YES_AGGRESSIVE;
				CLANG_CXX_LANGUAGE_STANDARD = "gnu++17";
				CLANG_ENABLE_MODULES = YES;
				CLANG_ENABLE_OBJC_ARC = YES;
				CLANG_ENABLE_OBJC_WEAK = YES;
				CLANG_WARN_BLOCK_CAPTURE_AUTORELEASING = YES;
				CLANG_WARN_BOOL_CONVERSION = YES;
				CLANG_WARN_COMMA = YES;
				CLANG_WARN_CONSTANT_CONVERSION = YES;
				CLANG_WARN_DEPRECATED_OBJC_IMPLEMENTATIONS = YES;
				CLANG_WARN_DIRECT_OBJC_ISA_USAGE = YES_ERROR;
				CLANG_WARN_DOCUMENTATION_COMMENTS = YES;
				CLANG_WARN_EMPTY_BODY = YES;
				CLANG_WARN_ENUM_CONVERSION = YES;
				CLANG_WARN_INFINITE_RECURSION = YES;
				CLANG_WARN_INT_CONVERSION = YES;
				CLANG_WARN_NON_LITERAL_NULL_CONVERSION = YES;
				CLANG_WARN_OBJC_IMPLICIT_RETAIN_SELF = YES;
				CLANG_WARN_OBJC_LITERAL_CONVERSION = YES;
				CLANG_WARN_OBJC_ROOT_CLASS = YES_ERROR;
				CLANG_WARN_QUOTED_INCLUDE_IN_FRAMEWORK_HEADER = YES;
				CLANG_WARN_RANGE_LOOP_ANALYSIS = YES;
				CLANG_WARN_STRICT_PROTOTYPES = YES;
				CLANG_WARN_SUSPICIOUS_MOVE = YES;
				CLANG_WARN_UNGUARDED_AVAILABILITY = YES_AGGRESSIVE;
				CLANG_WARN_UNREACHABLE_CODE = YES;
				CLANG_WARN__DUPLICATE_METHOD_MATCH = YES;
				COPY_PHASE_STRIP = NO;
				DEBUG_INFORMATION_FORMAT = dwarf;
				ENABLE_STRICT_OBJC_MSGSEND = YES;
				ENABLE_TESTABILITY = YES;
				GCC_C_LANGUAGE_STANDARD = gnu11;
				GCC_DYNAMIC_NO_PIC = NO;
				GCC_NO_COMMON_BLOCKS = YES;
				GCC_OPTIMIZATION_LEVEL = 0;
				GCC_PREPROCESSOR_DEFINITIONS = (
					"DEBUG=1",
					"$(inherited)",
				);
				GCC_WARN_64_TO_32_BIT_CONVERSION = YES;
				GCC_WARN_ABOUT_RETURN_TYPE = YES_ERROR;
				GCC_WARN_UNDECLARED_SELECTOR = YES;
				GCC_WARN_UNINITIALIZED_AUTOS = YES_AGGRESSIVE;
				GCC_WARN_UNUSED_FUNCTION = YES;
				GCC_WARN_UNUSED_VARIABLE = YES;
				IPHONEOS_DEPLOYMENT_TARGET = 15.5;
				MTL_ENABLE_DEBUG_INFO = INCLUDE_SOURCE;
				MTL_FAST_MATH = YES;
				ONLY_ACTIVE_ARCH = YES;
				SDKROOT = iphoneos;
				SWIFT_ACTIVE_COMPILATION_CONDITIONS = DEBUG;
				SWIFT_OPTIMIZATION_LEVEL = "-Onone";
			};
			name = Debug;
		};
		8D1BF34328B80F1A00639CFE /* Release */ = {
			isa = XCBuildConfiguration;
			buildSettings = {
				ALWAYS_SEARCH_USER_PATHS = NO;
				CLANG_ANALYZER_NONNULL = YES;
				CLANG_ANALYZER_NUMBER_OBJECT_CONVERSION = YES_AGGRESSIVE;
				CLANG_CXX_LANGUAGE_STANDARD = "gnu++17";
				CLANG_ENABLE_MODULES = YES;
				CLANG_ENABLE_OBJC_ARC = YES;
				CLANG_ENABLE_OBJC_WEAK = YES;
				CLANG_WARN_BLOCK_CAPTURE_AUTORELEASING = YES;
				CLANG_WARN_BOOL_CONVERSION = YES;
				CLANG_WARN_COMMA = YES;
				CLANG_WARN_CONSTANT_CONVERSION = YES;
				CLANG_WARN_DEPRECATED_OBJC_IMPLEMENTATIONS = YES;
				CLANG_WARN_DIRECT_OBJC_ISA_USAGE = YES_ERROR;
				CLANG_WARN_DOCUMENTATION_COMMENTS = YES;
				CLANG_WARN_EMPTY_BODY = YES;
				CLANG_WARN_ENUM_CONVERSION = YES;
				CLANG_WARN_INFINITE_RECURSION = YES;
				CLANG_WARN_INT_CONVERSION = YES;
				CLANG_WARN_NON_LITERAL_NULL_CONVERSION = YES;
				CLANG_WARN_OBJC_IMPLICIT_RETAIN_SELF = YES;
				CLANG_WARN_OBJC_LITERAL_CONVERSION = YES;
				CLANG_WARN_OBJC_ROOT_CLASS = YES_ERROR;
				CLANG_WARN_QUOTED_INCLUDE_IN_FRAMEWORK_HEADER = YES;
				CLANG_WARN_RANGE_LOOP_ANALYSIS = YES;
				CLANG_WARN_STRICT_PROTOTYPES = YES;
				CLANG_WARN_SUSPICIOUS_MOVE = YES;
				CLANG_WARN_UNGUARDED_AVAILABILITY = YES_AGGRESSIVE;
				CLANG_WARN_UNREACHABLE_CODE = YES;
				CLANG_WARN__DUPLICATE_METHOD_MATCH = YES;
				COPY_PHASE_STRIP = NO;
				DEBUG_INFORMATION_FORMAT = "dwarf-with-dsym";
				ENABLE_NS_ASSERTIONS = NO;
				ENABLE_STRICT_OBJC_MSGSEND = YES;
				GCC_C_LANGUAGE_STANDARD = gnu11;
				GCC_NO_COMMON_BLOCKS = YES;
				GCC_WARN_64_TO_32_BIT_CONVERSION = YES;
				GCC_WARN_ABOUT_RETURN_TYPE = YES_ERROR;
				GCC_WARN_UNDECLARED_SELECTOR = YES;
				GCC_WARN_UNINITIALIZED_AUTOS = YES_AGGRESSIVE;
				GCC_WARN_UNUSED_FUNCTION = YES;
				GCC_WARN_UNUSED_VARIABLE = YES;
				IPHONEOS_DEPLOYMENT_TARGET = 15.5;
				MTL_ENABLE_DEBUG_INFO = NO;
				MTL_FAST_MATH = YES;
				SDKROOT = iphoneos;
				SWIFT_COMPILATION_MODE = wholemodule;
				SWIFT_OPTIMIZATION_LEVEL = "-O";
				VALIDATE_PRODUCT = YES;
			};
			name = Release;
		};
		8D1BF34528B80F1A00639CFE /* Debug */ = {
			isa = XCBuildConfiguration;
			buildSettings = {
				ALWAYS_EMBED_SWIFT_STANDARD_LIBRARIES = YES;
				ASSETCATALOG_COMPILER_APPICON_NAME = AppIcon;
				ASSETCATALOG_COMPILER_GLOBAL_ACCENT_COLOR_NAME = AccentColor;
				CODE_SIGN_STYLE = Automatic;
				CURRENT_PROJECT_VERSION = 1;
				DEVELOPMENT_ASSET_PATHS = "\"Tiqets/Preview Content\"";
				DEVELOPMENT_TEAM = 45V7YBK65N;
				ENABLE_PREVIEWS = YES;
				GENERATE_INFOPLIST_FILE = YES;
				INFOPLIST_KEY_UIApplicationSupportsIndirectInputEvents = YES;
				INFOPLIST_KEY_UILaunchScreen_Generation = YES;
				INFOPLIST_KEY_UISupportedInterfaceOrientations_iPad = "UIInterfaceOrientationPortrait UIInterfaceOrientationPortraitUpsideDown UIInterfaceOrientationLandscapeLeft UIInterfaceOrientationLandscapeRight";
				INFOPLIST_KEY_UISupportedInterfaceOrientations_iPhone = "UIInterfaceOrientationPortrait UIInterfaceOrientationLandscapeLeft UIInterfaceOrientationLandscapeRight";
				LD_RUNPATH_SEARCH_PATHS = (
					"$(inherited)",
					"@executable_path/Frameworks",
				);
				MARKETING_VERSION = 1.0;
				PRODUCT_BUNDLE_IDENTIFIER = com.tiqets.dorian.grolaux.Tiqets;
				PRODUCT_NAME = "$(TARGET_NAME)";
				SWIFT_EMIT_LOC_STRINGS = YES;
				SWIFT_VERSION = 5.0;
				TARGETED_DEVICE_FAMILY = "1,2";
			};
			name = Debug;
		};
		8D1BF34628B80F1A00639CFE /* Release */ = {
			isa = XCBuildConfiguration;
			buildSettings = {
				ALWAYS_EMBED_SWIFT_STANDARD_LIBRARIES = YES;
				ASSETCATALOG_COMPILER_APPICON_NAME = AppIcon;
				ASSETCATALOG_COMPILER_GLOBAL_ACCENT_COLOR_NAME = AccentColor;
				CODE_SIGN_STYLE = Automatic;
				CURRENT_PROJECT_VERSION = 1;
				DEVELOPMENT_ASSET_PATHS = "\"Tiqets/Preview Content\"";
				DEVELOPMENT_TEAM = 45V7YBK65N;
				ENABLE_PREVIEWS = YES;
				GENERATE_INFOPLIST_FILE = YES;
				INFOPLIST_KEY_UIApplicationSupportsIndirectInputEvents = YES;
				INFOPLIST_KEY_UILaunchScreen_Generation = YES;
				INFOPLIST_KEY_UISupportedInterfaceOrientations_iPad = "UIInterfaceOrientationPortrait UIInterfaceOrientationPortraitUpsideDown UIInterfaceOrientationLandscapeLeft UIInterfaceOrientationLandscapeRight";
				INFOPLIST_KEY_UISupportedInterfaceOrientations_iPhone = "UIInterfaceOrientationPortrait UIInterfaceOrientationLandscapeLeft UIInterfaceOrientationLandscapeRight";
				LD_RUNPATH_SEARCH_PATHS = (
					"$(inherited)",
					"@executable_path/Frameworks",
				);
				MARKETING_VERSION = 1.0;
				PRODUCT_BUNDLE_IDENTIFIER = com.tiqets.dorian.grolaux.Tiqets;
				PRODUCT_NAME = "$(TARGET_NAME)";
				SWIFT_EMIT_LOC_STRINGS = YES;
				SWIFT_VERSION = 5.0;
				TARGETED_DEVICE_FAMILY = "1,2";
			};
			name = Release;
		};
		8D67ED7E28B8E2FC0030271F /* Debug */ = {
			isa = XCBuildConfiguration;
			buildSettings = {
				CODE_SIGN_STYLE = Automatic;
				CURRENT_PROJECT_VERSION = 1;
				DEFINES_MODULE = YES;
				DEVELOPMENT_TEAM = 96Y2K9J65M;
				DYLIB_COMPATIBILITY_VERSION = 1;
				DYLIB_CURRENT_VERSION = 1;
				DYLIB_INSTALL_NAME_BASE = "@rpath";
				GENERATE_INFOPLIST_FILE = YES;
				INFOPLIST_KEY_NSHumanReadableCopyright = "";
				INSTALL_PATH = "$(LOCAL_LIBRARY_DIR)/Frameworks";
				LD_RUNPATH_SEARCH_PATHS = (
					"$(inherited)",
					"@executable_path/Frameworks",
					"@loader_path/Frameworks",
				);
				MARKETING_VERSION = 1.0;
				PRODUCT_BUNDLE_IDENTIFIER = com.tiqets.dorian.grolaux.Networking;
				PRODUCT_NAME = "$(TARGET_NAME:c99extidentifier)";
				SKIP_INSTALL = YES;
				SWIFT_EMIT_LOC_STRINGS = YES;
				SWIFT_VERSION = 5.0;
				TARGETED_DEVICE_FAMILY = "1,2";
				VERSIONING_SYSTEM = "apple-generic";
				VERSION_INFO_PREFIX = "";
			};
			name = Debug;
		};
		8D67ED7F28B8E2FC0030271F /* Release */ = {
			isa = XCBuildConfiguration;
			buildSettings = {
				CODE_SIGN_STYLE = Automatic;
				CURRENT_PROJECT_VERSION = 1;
				DEFINES_MODULE = YES;
				DEVELOPMENT_TEAM = 96Y2K9J65M;
				DYLIB_COMPATIBILITY_VERSION = 1;
				DYLIB_CURRENT_VERSION = 1;
				DYLIB_INSTALL_NAME_BASE = "@rpath";
				GENERATE_INFOPLIST_FILE = YES;
				INFOPLIST_KEY_NSHumanReadableCopyright = "";
				INSTALL_PATH = "$(LOCAL_LIBRARY_DIR)/Frameworks";
				LD_RUNPATH_SEARCH_PATHS = (
					"$(inherited)",
					"@executable_path/Frameworks",
					"@loader_path/Frameworks",
				);
				MARKETING_VERSION = 1.0;
				PRODUCT_BUNDLE_IDENTIFIER = com.tiqets.dorian.grolaux.Networking;
				PRODUCT_NAME = "$(TARGET_NAME:c99extidentifier)";
				SKIP_INSTALL = YES;
				SWIFT_EMIT_LOC_STRINGS = YES;
				SWIFT_VERSION = 5.0;
				TARGETED_DEVICE_FAMILY = "1,2";
				VERSIONING_SYSTEM = "apple-generic";
				VERSION_INFO_PREFIX = "";
			};
			name = Release;
		};
		8D67EDAB28B8FF680030271F /* Debug */ = {
			isa = XCBuildConfiguration;
			buildSettings = {
				CODE_SIGN_STYLE = Automatic;
				CURRENT_PROJECT_VERSION = 1;
				DEFINES_MODULE = YES;
				DEVELOPMENT_TEAM = 96Y2K9J65M;
				DYLIB_COMPATIBILITY_VERSION = 1;
				DYLIB_CURRENT_VERSION = 1;
				DYLIB_INSTALL_NAME_BASE = "@rpath";
				GENERATE_INFOPLIST_FILE = YES;
				INFOPLIST_KEY_NSHumanReadableCopyright = "";
				INSTALL_PATH = "$(LOCAL_LIBRARY_DIR)/Frameworks";
				LD_RUNPATH_SEARCH_PATHS = (
					"$(inherited)",
					"@executable_path/Frameworks",
					"@loader_path/Frameworks",
				);
				MARKETING_VERSION = 1.0;
				PRODUCT_BUNDLE_IDENTIFIER = com.tiqets.dorian.grolaux.Core;
				PRODUCT_NAME = "$(TARGET_NAME:c99extidentifier)";
				SKIP_INSTALL = YES;
				SWIFT_EMIT_LOC_STRINGS = YES;
				SWIFT_VERSION = 5.0;
				TARGETED_DEVICE_FAMILY = "1,2";
				VERSIONING_SYSTEM = "apple-generic";
				VERSION_INFO_PREFIX = "";
			};
			name = Debug;
		};
		8D67EDAC28B8FF680030271F /* Release */ = {
			isa = XCBuildConfiguration;
			buildSettings = {
				CODE_SIGN_STYLE = Automatic;
				CURRENT_PROJECT_VERSION = 1;
				DEFINES_MODULE = YES;
				DEVELOPMENT_TEAM = 96Y2K9J65M;
				DYLIB_COMPATIBILITY_VERSION = 1;
				DYLIB_CURRENT_VERSION = 1;
				DYLIB_INSTALL_NAME_BASE = "@rpath";
				GENERATE_INFOPLIST_FILE = YES;
				INFOPLIST_KEY_NSHumanReadableCopyright = "";
				INSTALL_PATH = "$(LOCAL_LIBRARY_DIR)/Frameworks";
				LD_RUNPATH_SEARCH_PATHS = (
					"$(inherited)",
					"@executable_path/Frameworks",
					"@loader_path/Frameworks",
				);
				MARKETING_VERSION = 1.0;
				PRODUCT_BUNDLE_IDENTIFIER = com.tiqets.dorian.grolaux.Core;
				PRODUCT_NAME = "$(TARGET_NAME:c99extidentifier)";
				SKIP_INSTALL = YES;
				SWIFT_EMIT_LOC_STRINGS = YES;
				SWIFT_VERSION = 5.0;
				TARGETED_DEVICE_FAMILY = "1,2";
				VERSIONING_SYSTEM = "apple-generic";
				VERSION_INFO_PREFIX = "";
			};
			name = Release;
		};
/* End XCBuildConfiguration section */

/* Begin XCConfigurationList section */
		8D1BF33128B80F1800639CFE /* Build configuration list for PBXProject "Tiqets" */ = {
			isa = XCConfigurationList;
			buildConfigurations = (
				8D1BF34228B80F1A00639CFE /* Debug */,
				8D1BF34328B80F1A00639CFE /* Release */,
			);
			defaultConfigurationIsVisible = 0;
			defaultConfigurationName = Release;
		};
		8D1BF34428B80F1A00639CFE /* Build configuration list for PBXNativeTarget "Tiqets" */ = {
			isa = XCConfigurationList;
			buildConfigurations = (
				8D1BF34528B80F1A00639CFE /* Debug */,
				8D1BF34628B80F1A00639CFE /* Release */,
			);
			defaultConfigurationIsVisible = 0;
			defaultConfigurationName = Release;
		};
		8D67ED7D28B8E2FC0030271F /* Build configuration list for PBXNativeTarget "Networking" */ = {
			isa = XCConfigurationList;
			buildConfigurations = (
				8D67ED7E28B8E2FC0030271F /* Debug */,
				8D67ED7F28B8E2FC0030271F /* Release */,
			);
			defaultConfigurationIsVisible = 0;
			defaultConfigurationName = Release;
		};
		8D67EDAA28B8FF680030271F /* Build configuration list for PBXNativeTarget "Core" */ = {
			isa = XCConfigurationList;
			buildConfigurations = (
				8D67EDAB28B8FF680030271F /* Debug */,
				8D67EDAC28B8FF680030271F /* Release */,
			);
			defaultConfigurationIsVisible = 0;
			defaultConfigurationName = Release;
		};
/* End XCConfigurationList section */

/* Begin XCRemoteSwiftPackageReference section */
		8D0DD59D28B911AC00F10ACD /* XCRemoteSwiftPackageReference "Kingfisher" */ = {
			isa = XCRemoteSwiftPackageReference;
			repositoryURL = "https://github.com/onevcat/Kingfisher";
			requirement = {
				kind = exactVersion;
				version = 7.3.2;
			};
		};
		8D1BF35528B80F9700639CFE /* XCRemoteSwiftPackageReference "Netswift" */ = {
			isa = XCRemoteSwiftPackageReference;
			repositoryURL = "https://github.com/MrSkwiggs/Netswift";
			requirement = {
				branch = bleeding_edge;
				kind = branch;
			};
		};
		8D67EDB528B901AD0030271F /* XCRemoteSwiftPackageReference "SFSafeSymbols" */ = {
			isa = XCRemoteSwiftPackageReference;
			repositoryURL = "https://github.com/SFSafeSymbols/SFSafeSymbols";
			requirement = {
				kind = exactVersion;
				version = 3.3.2;
			};
		};
/* End XCRemoteSwiftPackageReference section */

/* Begin XCSwiftPackageProductDependency section */
		8D0DD59E28B911AC00F10ACD /* Kingfisher */ = {
			isa = XCSwiftPackageProductDependency;
			package = 8D0DD59D28B911AC00F10ACD /* XCRemoteSwiftPackageReference "Kingfisher" */;
			productName = Kingfisher;
		};
		8D67ED8828B8E3AF0030271F /* Netswift */ = {
			isa = XCSwiftPackageProductDependency;
			package = 8D1BF35528B80F9700639CFE /* XCRemoteSwiftPackageReference "Netswift" */;
			productName = Netswift;
		};
		8D67EDB628B901AD0030271F /* SFSafeSymbols */ = {
			isa = XCSwiftPackageProductDependency;
			package = 8D67EDB528B901AD0030271F /* XCRemoteSwiftPackageReference "SFSafeSymbols" */;
			productName = SFSafeSymbols;
		};
/* End XCSwiftPackageProductDependency section */
	};
	rootObject = 8D1BF32E28B80F1800639CFE /* Project object */;
}
